
Microsoft Visual Studio Solution File, Format Version 12.00
# Visual Studio Version 17
VisualStudioVersion = 17.10.34916.146
MinimumVisualStudioVersion = 10.0.40219.1
Project("{FAE04EC0-301F-11D3-BF4B-00C04F79EFBC}") = "ADO_PROJECT_WITHMASTERDETAILS", "ADO_PROJECT_WITHMASTERDETAILS\ADO_PROJECT_WITHMASTERDETAILS.csproj", "{59C1AF25-31FA-4E69-B2D7-9073F5FEF049}"
EndProject
Global
	GlobalSection(SolutionConfigurationPlatforms) = preSolution
		Debug|Any CPU = Debug|Any CPU
		Release|Any CPU = Release|Any CPU
	EndGlobalSection
	GlobalSection(ProjectConfigurationPlatforms) = postSolution
		{59C1AF25-31FA-4E69-B2D7-9073F5FEF049}.Debug|Any CPU.ActiveCfg = Debug|Any CPU
		{59C1AF25-31FA-4E69-B2D7-9073F5FEF049}.Debug|Any CPU.Build.0 = Debug|Any CPU
		{59C1AF25-31FA-4E69-B2D7-9073F5FEF049}.Release|Any CPU.ActiveCfg = Release|Any CPU
		{59C1AF25-31FA-4E69-B2D7-9073F5FEF049}.Release|Any CPU.Build.0 = Release|Any CPU
	EndGlobalSection
	GlobalSection(SolutionProperties) = preSolution
		HideSolutionNode = FALSE
	EndGlobalSection
	GlobalSection(ExtensibilityGlobals) = postSolution
		SolutionGuid = {B52A7E5A-7050-4ED8-B080-E0AFE65BAD40}
	EndGlobalSection
EndGlobal
